<?xml version="1.0" encoding="utf-8"?>
<Project ToolsVersion="4.0" xmlns="http://schemas.microsoft.com/developer/msbuild/2003">
  <ItemGroup>
    <ClCompile Include="Source.cpp" />
  </ItemGroup>
  <ItemGroup>
    <ClInclude Include="resource.h" />
  </ItemGroup>
  <ItemGroup>
    <ResourceCompile Include="http_server_tests_etc.rc" />
  </ItemGroup>
  <ItemGroup>
    <None Include="html1.html" />
    <None Include="javascri.bin" />
    <None Include="test.js" />
  </ItemGroup>
</Project>